# This file is autogenerated, do not edit; changes may be undone by the next 'dep ensure'.


[[projects]]
  digest = "1:ffe9824d294da03b391f44e1ae8281281b4afc1bdaa9588c9097785e3af10cec"
  name = "github.com/davecgh/go-spew"
  packages = ["spew"]
  pruneopts = "UT"
  revision = "8991bc29aa16c548c550c7ff78260e27b9ab7c73"
  version = "v1.1.1"

[[projects]]
  digest = "1:fe3dbc20b592ad7cac16a2855ee7505edf07e4f9feb47e78e40a39f2270386b8"
  name = "github.com/openzipkin/zipkin-go"
  packages = [
    ".",
    "idgenerator",
    "model",
    "propagation",
    "reporter",
  ]
  pruneopts = "UT"
  revision = "3793c981d4f621c0e3eb1457acffa2c1cc591384"
  version = "v0.1.3"

[[projects]]
  digest = "1:63f6125d6645fd85a40e6636a5686eb9a7713c52ddee19d902b52ac99f95d33c"
  name = "github.com/palantir/go-metrics"
  packages = ["."]
  pruneopts = "UT"
  revision = "073ec68383a8f2243d5761897332f1a8397856e1"
  version = "1.0.0"

[[projects]]
  digest = "1:430f088d3e1a04b1114eecd33d141998e90a1981cf033b3767a1744c303dcd4a"
  name = "github.com/palantir/pkg"
  packages = [
    "bytesbuffers",
    "httpserver",
    "metrics",
    "retry",
    "safejson",
    "tlsconfig",
    "uuid",
    "uuid/internal/uuid",
  ]
  pruneopts = "UT"
  revision = "7fd8d6e85a713f1ec5376c81b97c7ed1033c9816"
  version = "0.10.0"

[[projects]]
  branch = "develop"
  digest = "1:89b7c2365c6b481a9e1c83a203c817d117376f48330811a977d84ec198281c8b"
  name = "github.com/palantir/witchcraft-go-error"
  packages = [
    ".",
    "internal/errors",
  ]
  pruneopts = "UT"
  revision = "adb1d93c5741a300abbcce7883ad61f825a4f1a7"

[[projects]]
  branch = "develop"
  digest = "1:412711cba1f6195c9c8cc32ca04da9dfed10c07f2a21b1f5229e07c3f0a9fef0"
  name = "github.com/palantir/witchcraft-go-params"
  packages = ["."]
  pruneopts = "UT"
  revision = "d5c8ded2ab5588d1a81f306247162cb54d2504d7"

[[projects]]
  branch = "develop"
  digest = "1:d8535c90bfb7910c395b18ca2bc63b37c70af276d28713134ceb53c8620df5a0"
  name = "github.com/palantir/witchcraft-go-tracing"
  packages = [
    "wtracing",
    "wtracing/propagation/b3",
    "wzipkin",
  ]
  pruneopts = "UT"
  revision = "cdc181c163e22a6bee05a6277f8462bf786c0d4c"

[[projects]]
  digest = "1:40e195917a951a8bf867cd05de2a46aaf1806c50cf92eebf4c16f78cd196f747"
  name = "github.com/pkg/errors"
  packages = ["."]
  pruneopts = "UT"
  revision = "645ef00459ed84a119197bfb8d8205042c6df63d"
  version = "v0.8.0"

[[projects]]
  digest = "1:0028cb19b2e4c3112225cd871870f2d9cf49b9b4276531f03438a88e94be86fe"
  name = "github.com/pmezard/go-difflib"
  packages = ["difflib"]
  pruneopts = "UT"
  revision = "792786c7400a136282c1664665ae0a8db921c6c2"
  version = "v1.0.0"

[[projects]]
  digest = "1:c40d65817cdd41fac9aa7af8bed56927bb2d6d47e4fea566a74880f5c2b1c41e"
  name = "github.com/stretchr/testify"
  packages = [
    "assert",
    "require",
  ]
  pruneopts = "UT"
  revision = "f35b8ab0b5a2cef36673838d662e249dd9c94686"
  version = "v1.2.2"

[[projects]]
  branch = "master"
  digest = "1:e70accec7f5431012cac003a3ef21516972d52df9f1702e3378f88e2206c8a0e"
  name = "golang.org/x/net"
  packages = [
    "http/httpguts",
    "http2",
    "http2/hpack",
    "idna",
    "internal/socks",
    "proxy",
  ]
  pruneopts = "UT"
  revision = "351d144fa1fc0bd934e2408202be0c29f25e35a0"

[[projects]]
  digest = "1:a2ab62866c75542dd18d2b069fec854577a20211d7c0ea6ae746072a1dccdd18"
  name = "golang.org/x/text"
  packages = [
    "collate",
    "collate/build",
    "internal/colltab",
    "internal/gen",
    "internal/tag",
    "internal/triegen",
    "internal/ucd",
    "language",
    "secure/bidirule",
    "transform",
    "unicode/bidi",
    "unicode/cldr",
    "unicode/norm",
    "unicode/rangetable",
  ]
  pruneopts = "UT"
  revision = "f21a4dfb5e38f5895301dc265a8def02365cc3d0"
  version = "v0.3.0"

[[projects]]
  digest = "1:4d2e5a73dc1500038e504a8d78b986630e3626dc027bc030ba5c75da257cdb96"
  name = "gopkg.in/yaml.v2"
  packages = ["."]
  pruneopts = "UT"
  revision = "51d6538a90f86fe93ac480b35f37b2be17fef232"
  version = "v2.2.2"

[solve-meta]
  analyzer-name = "dep"
  analyzer-version = 1
  input-imports = [
    "github.com/palantir/pkg/bytesbuffers",
    "github.com/palantir/pkg/httpserver",
    "github.com/palantir/pkg/metrics",
    "github.com/palantir/pkg/retry",
    "github.com/palantir/pkg/safejson",
    "github.com/palantir/pkg/tlsconfig",
    "github.com/palantir/pkg/uuid",
    "github.com/palantir/witchcraft-go-error",
    "github.com/palantir/witchcraft-go-tracing/wtracing",
    "github.com/palantir/witchcraft-go-tracing/wtracing/propagation/b3",
    "github.com/palantir/witchcraft-go-tracing/wzipkin",
    "github.com/stretchr/testify/assert",
    "github.com/stretchr/testify/require",
    "golang.org/x/net/http2",
    "golang.org/x/net/proxy",
    "gopkg.in/yaml.v2",
  ]
  solver-name = "gps-cdcl"
  solver-version = 1
